
Microsoft Visual Studio Solution File, Format Version 12.00
# Visual Studio Version 17
VisualStudioVersion = 17.4.33122.133
MinimumVisualStudioVersion = 10.0.40219.1
Project("{FAE04EC0-301F-11D3-BF4B-00C04F79EFBC}") = "WebAppDemo1", "WebAppDemo1\WebAppDemo1.csproj", "{B5534907-3565-4B9E-AB72-0228FECE0E96}"
EndProject
Global
	GlobalSection(SolutionConfigurationPlatforms) = preSolution
		Debug|Any CPU = Debug|Any CPU
		Release|Any CPU = Release|Any CPU
	EndGlobalSection
	GlobalSection(ProjectConfigurationPlatforms) = postSolution
		{B5534907-3565-4B9E-AB72-0228FECE0E96}.Debug|Any CPU.ActiveCfg = Debug|Any CPU
		{B5534907-3565-4B9E-AB72-0228FECE0E96}.Debug|Any CPU.Build.0 = Debug|Any CPU
		{B5534907-3565-4B9E-AB72-0228FECE0E96}.Release|Any CPU.ActiveCfg = Release|Any CPU
		{B5534907-3565-4B9E-AB72-0228FECE0E96}.Release|Any CPU.Build.0 = Release|Any CPU
	EndGlobalSection
	GlobalSection(SolutionProperties) = preSolution
		HideSolutionNode = FALSE
	EndGlobalSection
	GlobalSection(ExtensibilityGlobals) = postSolution
		SolutionGuid = {FF677FB2-DB1A-4EC5-86E2-1BD0DD04A468}
	EndGlobalSection
EndGlobal
